
Microsoft Visual Studio Solution File, Format Version 12.00
# Visual Studio Version 16
VisualStudioVersion = 16.0.31424.327
MinimumVisualStudioVersion = 10.0.40219.1
Project("{FAE04EC0-301F-11D3-BF4B-00C04F79EFBC}") = "HandCricket", "HandCricket.csproj", "{70506917-453A-4088-ACD7-56EFBE978152}"
EndProject
Global
	GlobalSection(SolutionConfigurationPlatforms) = preSolution
		Debug|Any CPU = Debug|Any CPU
		Release|Any CPU = Release|Any CPU
	EndGlobalSection
	GlobalSection(ProjectConfigurationPlatforms) = postSolution
		{70506917-453A-4088-ACD7-56EFBE978152}.Debug|Any CPU.ActiveCfg = Debug|Any CPU
		{70506917-453A-4088-ACD7-56EFBE978152}.Debug|Any CPU.Build.0 = Debug|Any CPU
		{70506917-453A-4088-ACD7-56EFBE978152}.Release|Any CPU.ActiveCfg = Release|Any CPU
		{70506917-453A-4088-ACD7-56EFBE978152}.Release|Any CPU.Build.0 = Release|Any CPU
	EndGlobalSection
	GlobalSection(SolutionProperties) = preSolution
		HideSolutionNode = FALSE
	EndGlobalSection
	GlobalSection(ExtensibilityGlobals) = postSolution
		SolutionGuid = {6E2BCFA7-492E-451A-ACDE-A18822395DBD}
	EndGlobalSection
EndGlobal
